
Microsoft Visual Studio Solution File, Format Version 12.00
# Visual Studio Version 17
VisualStudioVersion = 17.7.34202.233
MinimumVisualStudioVersion = 10.0.40219.1
Project("{FAE04EC0-301F-11D3-BF4B-00C04F79EFBC}") = "TD", "TD\TD.csproj", "{A383ECF5-D217-4336-9F47-3BE5BA8D9DCB}"
EndProject
Global
	GlobalSection(SolutionConfigurationPlatforms) = preSolution
		Debug|Any CPU = Debug|Any CPU
		Release|Any CPU = Release|Any CPU
	EndGlobalSection
	GlobalSection(ProjectConfigurationPlatforms) = postSolution
		{A383ECF5-D217-4336-9F47-3BE5BA8D9DCB}.Debug|Any CPU.ActiveCfg = Debug|Any CPU
		{A383ECF5-D217-4336-9F47-3BE5BA8D9DCB}.Debug|Any CPU.Build.0 = Debug|Any CPU
		{A383ECF5-D217-4336-9F47-3BE5BA8D9DCB}.Release|Any CPU.ActiveCfg = Release|Any CPU
		{A383ECF5-D217-4336-9F47-3BE5BA8D9DCB}.Release|Any CPU.Build.0 = Release|Any CPU
	EndGlobalSection
	GlobalSection(SolutionProperties) = preSolution
		HideSolutionNode = FALSE
	EndGlobalSection
	GlobalSection(ExtensibilityGlobals) = postSolution
		SolutionGuid = {8376CC77-05E5-48C4-8CFB-FB7EF76B4155}
	EndGlobalSection
EndGlobal
